
Microsoft Visual Studio Solution File, Format Version 12.00
# Visual Studio Version 17
VisualStudioVersion = 17.0.31903.59
MinimumVisualStudioVersion = 10.0.40219.1
Project("{FAE04EC0-301F-11D3-BF4B-00C04F79EFBC}") = "MovieLibrary.Api", "MovieLibrary.Api\MovieLibrary.Api.csproj", "{9F1AA633-FCC3-4EC6-ABB3-078A042B8580}"
EndProject
Project("{FAE04EC0-301F-11D3-BF4B-00C04F79EFBC}") = "MovieLibrary.Blazor", "MovieLibrary.Blazor\MovieLibrary.Blazor.csproj", "{4496D8AC-A907-465E-AE98-CC203D9E7F06}"
EndProject
Global
	GlobalSection(SolutionConfigurationPlatforms) = preSolution
		Debug|Any CPU = Debug|Any CPU
		Debug|x64 = Debug|x64
		Debug|x86 = Debug|x86
		Release|Any CPU = Release|Any CPU
		Release|x64 = Release|x64
		Release|x86 = Release|x86
	EndGlobalSection
	GlobalSection(ProjectConfigurationPlatforms) = postSolution
		{9F1AA633-FCC3-4EC6-ABB3-078A042B8580}.Debug|Any CPU.ActiveCfg = Debug|Any CPU
		{9F1AA633-FCC3-4EC6-ABB3-078A042B8580}.Debug|Any CPU.Build.0 = Debug|Any CPU
		{9F1AA633-FCC3-4EC6-ABB3-078A042B8580}.Debug|x64.ActiveCfg = Debug|Any CPU
		{9F1AA633-FCC3-4EC6-ABB3-078A042B8580}.Debug|x64.Build.0 = Debug|Any CPU
		{9F1AA633-FCC3-4EC6-ABB3-078A042B8580}.Debug|x86.ActiveCfg = Debug|Any CPU
		{9F1AA633-FCC3-4EC6-ABB3-078A042B8580}.Debug|x86.Build.0 = Debug|Any CPU
		{9F1AA633-FCC3-4EC6-ABB3-078A042B8580}.Release|Any CPU.ActiveCfg = Release|Any CPU
		{9F1AA633-FCC3-4EC6-ABB3-078A042B8580}.Release|Any CPU.Build.0 = Release|Any CPU
		{9F1AA633-FCC3-4EC6-ABB3-078A042B8580}.Release|x64.ActiveCfg = Release|Any CPU
		{9F1AA633-FCC3-4EC6-ABB3-078A042B8580}.Release|x64.Build.0 = Release|Any CPU
		{9F1AA633-FCC3-4EC6-ABB3-078A042B8580}.Release|x86.ActiveCfg = Release|Any CPU
		{9F1AA633-FCC3-4EC6-ABB3-078A042B8580}.Release|x86.Build.0 = Release|Any CPU
		{4496D8AC-A907-465E-AE98-CC203D9E7F06}.Debug|Any CPU.ActiveCfg = Debug|Any CPU
		{4496D8AC-A907-465E-AE98-CC203D9E7F06}.Debug|Any CPU.Build.0 = Debug|Any CPU
		{4496D8AC-A907-465E-AE98-CC203D9E7F06}.Debug|x64.ActiveCfg = Debug|Any CPU
		{4496D8AC-A907-465E-AE98-CC203D9E7F06}.Debug|x64.Build.0 = Debug|Any CPU
		{4496D8AC-A907-465E-AE98-CC203D9E7F06}.Debug|x86.ActiveCfg = Debug|Any CPU
		{4496D8AC-A907-465E-AE98-CC203D9E7F06}.Debug|x86.Build.0 = Debug|Any CPU
		{4496D8AC-A907-465E-AE98-CC203D9E7F06}.Release|Any CPU.ActiveCfg = Release|Any CPU
		{4496D8AC-A907-465E-AE98-CC203D9E7F06}.Release|Any CPU.Build.0 = Release|Any CPU
		{4496D8AC-A907-465E-AE98-CC203D9E7F06}.Release|x64.ActiveCfg = Release|Any CPU
		{4496D8AC-A907-465E-AE98-CC203D9E7F06}.Release|x64.Build.0 = Release|Any CPU
		{4496D8AC-A907-465E-AE98-CC203D9E7F06}.Release|x86.ActiveCfg = Release|Any CPU
		{4496D8AC-A907-465E-AE98-CC203D9E7F06}.Release|x86.Build.0 = Release|Any CPU
	EndGlobalSection
	GlobalSection(SolutionProperties) = preSolution
		HideSolutionNode = FALSE
	EndGlobalSection
EndGlobal
